
Microsoft Visual Studio Solution File, Format Version 12.00
# Visual Studio Version 17
VisualStudioVersion = 17.0.31903.59
MinimumVisualStudioVersion = 10.0.40219.1
Project("{FAE04EC0-301F-11D3-BF4B-00C04F79EFBC}") = "KineGestion.Core", "KineGestion.Core\KineGestion.Core.csproj", "{1E39FA33-0800-4ABC-9524-EEB9FB14C260}"
EndProject
Project("{FAE04EC0-301F-11D3-BF4B-00C04F79EFBC}") = "KineGestion.Data", "KineGestion.Data\KineGestion.Data.csproj", "{75327D0B-0167-4B45-9502-FC615BD9D4E9}"
EndProject
Project("{FAE04EC0-301F-11D3-BF4B-00C04F79EFBC}") = "KineGestion.Web", "KineGestion.Web\KineGestion.Web.csproj", "{AA0E06FF-E1ED-41B5-A76B-8130980A0B47}"
EndProject
Project("{FAE04EC0-301F-11D3-BF4B-00C04F79EFBC}") = "KineGestion.Tests", "KineGestion.Tests\KineGestion.Tests.csproj", "{BCB5CC12-C498-4B3B-ACB8-D27C7B457516}"
EndProject
Global
	GlobalSection(SolutionConfigurationPlatforms) = preSolution
		Debug|Any CPU = Debug|Any CPU
		Debug|x64 = Debug|x64
		Debug|x86 = Debug|x86
		Release|Any CPU = Release|Any CPU
		Release|x64 = Release|x64
		Release|x86 = Release|x86
	EndGlobalSection
	GlobalSection(ProjectConfigurationPlatforms) = postSolution
		{1E39FA33-0800-4ABC-9524-EEB9FB14C260}.Debug|Any CPU.ActiveCfg = Debug|Any CPU
		{1E39FA33-0800-4ABC-9524-EEB9FB14C260}.Debug|Any CPU.Build.0 = Debug|Any CPU
		{1E39FA33-0800-4ABC-9524-EEB9FB14C260}.Debug|x64.ActiveCfg = Debug|Any CPU
		{1E39FA33-0800-4ABC-9524-EEB9FB14C260}.Debug|x64.Build.0 = Debug|Any CPU
		{1E39FA33-0800-4ABC-9524-EEB9FB14C260}.Debug|x86.ActiveCfg = Debug|Any CPU
		{1E39FA33-0800-4ABC-9524-EEB9FB14C260}.Debug|x86.Build.0 = Debug|Any CPU
		{1E39FA33-0800-4ABC-9524-EEB9FB14C260}.Release|Any CPU.ActiveCfg = Release|Any CPU
		{1E39FA33-0800-4ABC-9524-EEB9FB14C260}.Release|Any CPU.Build.0 = Release|Any CPU
		{1E39FA33-0800-4ABC-9524-EEB9FB14C260}.Release|x64.ActiveCfg = Release|Any CPU
		{1E39FA33-0800-4ABC-9524-EEB9FB14C260}.Release|x64.Build.0 = Release|Any CPU
		{1E39FA33-0800-4ABC-9524-EEB9FB14C260}.Release|x86.ActiveCfg = Release|Any CPU
		{1E39FA33-0800-4ABC-9524-EEB9FB14C260}.Release|x86.Build.0 = Release|Any CPU
		{75327D0B-0167-4B45-9502-FC615BD9D4E9}.Debug|Any CPU.ActiveCfg = Debug|Any CPU
		{75327D0B-0167-4B45-9502-FC615BD9D4E9}.Debug|Any CPU.Build.0 = Debug|Any CPU
		{75327D0B-0167-4B45-9502-FC615BD9D4E9}.Debug|x64.ActiveCfg = Debug|Any CPU
		{75327D0B-0167-4B45-9502-FC615BD9D4E9}.Debug|x64.Build.0 = Debug|Any CPU
		{75327D0B-0167-4B45-9502-FC615BD9D4E9}.Debug|x86.ActiveCfg = Debug|Any CPU
		{75327D0B-0167-4B45-9502-FC615BD9D4E9}.Debug|x86.Build.0 = Debug|Any CPU
		{75327D0B-0167-4B45-9502-FC615BD9D4E9}.Release|Any CPU.ActiveCfg = Release|Any CPU
		{75327D0B-0167-4B45-9502-FC615BD9D4E9}.Release|Any CPU.Build.0 = Release|Any CPU
		{75327D0B-0167-4B45-9502-FC615BD9D4E9}.Release|x64.ActiveCfg = Release|Any CPU
		{75327D0B-0167-4B45-9502-FC615BD9D4E9}.Release|x64.Build.0 = Release|Any CPU
		{75327D0B-0167-4B45-9502-FC615BD9D4E9}.Release|x86.ActiveCfg = Release|Any CPU
		{75327D0B-0167-4B45-9502-FC615BD9D4E9}.Release|x86.Build.0 = Release|Any CPU
		{AA0E06FF-E1ED-41B5-A76B-8130980A0B47}.Debug|Any CPU.ActiveCfg = Debug|Any CPU
		{AA0E06FF-E1ED-41B5-A76B-8130980A0B47}.Debug|Any CPU.Build.0 = Debug|Any CPU
		{AA0E06FF-E1ED-41B5-A76B-8130980A0B47}.Debug|x64.ActiveCfg = Debug|Any CPU
		{AA0E06FF-E1ED-41B5-A76B-8130980A0B47}.Debug|x64.Build.0 = Debug|Any CPU
		{AA0E06FF-E1ED-41B5-A76B-8130980A0B47}.Debug|x86.ActiveCfg = Debug|Any CPU
		{AA0E06FF-E1ED-41B5-A76B-8130980A0B47}.Debug|x86.Build.0 = Debug|Any CPU
		{AA0E06FF-E1ED-41B5-A76B-8130980A0B47}.Release|Any CPU.ActiveCfg = Release|Any CPU
		{AA0E06FF-E1ED-41B5-A76B-8130980A0B47}.Release|Any CPU.Build.0 = Release|Any CPU
		{AA0E06FF-E1ED-41B5-A76B-8130980A0B47}.Release|x64.ActiveCfg = Release|Any CPU
		{AA0E06FF-E1ED-41B5-A76B-8130980A0B47}.Release|x64.Build.0 = Release|Any CPU
		{AA0E06FF-E1ED-41B5-A76B-8130980A0B47}.Release|x86.ActiveCfg = Release|Any CPU
		{AA0E06FF-E1ED-41B5-A76B-8130980A0B47}.Release|x86.Build.0 = Release|Any CPU
		{BCB5CC12-C498-4B3B-ACB8-D27C7B457516}.Debug|Any CPU.ActiveCfg = Debug|Any CPU
		{BCB5CC12-C498-4B3B-ACB8-D27C7B457516}.Debug|Any CPU.Build.0 = Debug|Any CPU
		{BCB5CC12-C498-4B3B-ACB8-D27C7B457516}.Debug|x64.ActiveCfg = Debug|Any CPU
		{BCB5CC12-C498-4B3B-ACB8-D27C7B457516}.Debug|x64.Build.0 = Debug|Any CPU
		{BCB5CC12-C498-4B3B-ACB8-D27C7B457516}.Debug|x86.ActiveCfg = Debug|Any CPU
		{BCB5CC12-C498-4B3B-ACB8-D27C7B457516}.Debug|x86.Build.0 = Debug|Any CPU
		{BCB5CC12-C498-4B3B-ACB8-D27C7B457516}.Release|Any CPU.ActiveCfg = Release|Any CPU
		{BCB5CC12-C498-4B3B-ACB8-D27C7B457516}.Release|Any CPU.Build.0 = Release|Any CPU
		{BCB5CC12-C498-4B3B-ACB8-D27C7B457516}.Release|x64.ActiveCfg = Release|Any CPU
		{BCB5CC12-C498-4B3B-ACB8-D27C7B457516}.Release|x64.Build.0 = Release|Any CPU
		{BCB5CC12-C498-4B3B-ACB8-D27C7B457516}.Release|x86.ActiveCfg = Release|Any CPU
		{BCB5CC12-C498-4B3B-ACB8-D27C7B457516}.Release|x86.Build.0 = Release|Any CPU
	EndGlobalSection
	GlobalSection(SolutionProperties) = preSolution
		HideSolutionNode = FALSE
	EndGlobalSection
EndGlobal
